
Microsoft Visual Studio Solution File, Format Version 12.00
# Visual Studio 15
VisualStudioVersion = 15.0.28307.329
MinimumVisualStudioVersion = 10.0.40219.1
Project("{FAE04EC0-301F-11D3-BF4B-00C04F79EFBC}") = "MidiToWavWinForm", "MidiToWavWinForm\MidiToWavWinForm.csproj", "{93324483-A197-416C-92B4-9FC7FFA331A7}"
EndProject
Global
	GlobalSection(SolutionConfigurationPlatforms) = preSolution
		Debug|Any CPU = Debug|Any CPU
		Release|Any CPU = Release|Any CPU
	EndGlobalSection
	GlobalSection(ProjectConfigurationPlatforms) = postSolution
		{93324483-A197-416C-92B4-9FC7FFA331A7}.Debug|Any CPU.ActiveCfg = Debug|Any CPU
		{93324483-A197-416C-92B4-9FC7FFA331A7}.Debug|Any CPU.Build.0 = Debug|Any CPU
		{93324483-A197-416C-92B4-9FC7FFA331A7}.Release|Any CPU.ActiveCfg = Release|Any CPU
		{93324483-A197-416C-92B4-9FC7FFA331A7}.Release|Any CPU.Build.0 = Release|Any CPU
	EndGlobalSection
	GlobalSection(SolutionProperties) = preSolution
		HideSolutionNode = FALSE
	EndGlobalSection
	GlobalSection(ExtensibilityGlobals) = postSolution
		SolutionGuid = {798F564F-3C58-4DD3-AF67-5D7C9F587250}
	EndGlobalSection
EndGlobal
